
Microsoft Visual Studio Solution File, Format Version 12.00
# Visual Studio Version 17
VisualStudioVersion = 17.6.33801.468
MinimumVisualStudioVersion = 10.0.40219.1
Project("{FAE04EC0-301F-11D3-BF4B-00C04F79EFBC}") = "RemasteredAdminPanel.MvcUI", "RemasteredAdminPanel.MvcUI\RemasteredAdminPanel.MvcUI.csproj", "{17E87F5B-9ED9-4DAA-8835-E25E483F714F}"
EndProject
Global
	GlobalSection(SolutionConfigurationPlatforms) = preSolution
		Debug|Any CPU = Debug|Any CPU
		Release|Any CPU = Release|Any CPU
	EndGlobalSection
	GlobalSection(ProjectConfigurationPlatforms) = postSolution
		{17E87F5B-9ED9-4DAA-8835-E25E483F714F}.Debug|Any CPU.ActiveCfg = Debug|Any CPU
		{17E87F5B-9ED9-4DAA-8835-E25E483F714F}.Debug|Any CPU.Build.0 = Debug|Any CPU
		{17E87F5B-9ED9-4DAA-8835-E25E483F714F}.Release|Any CPU.ActiveCfg = Release|Any CPU
		{17E87F5B-9ED9-4DAA-8835-E25E483F714F}.Release|Any CPU.Build.0 = Release|Any CPU
	EndGlobalSection
	GlobalSection(SolutionProperties) = preSolution
		HideSolutionNode = FALSE
	EndGlobalSection
	GlobalSection(ExtensibilityGlobals) = postSolution
		SolutionGuid = {AE784809-78AD-4BC5-8ECF-7B1E848DDAD0}
	EndGlobalSection
EndGlobal
